
Microsoft Visual Studio Solution File, Format Version 12.00
# Visual Studio 2012
Project("{8BC9CEB8-8B4A-11D0-8D11-00A0C91BC942}") = "sjexercise_AdjGraph", "sjexercise_AdjGraph.vcxproj", "{005F3672-DBB3-415E-8527-B22C5D479FAD}"
EndProject
Global
	GlobalSection(SolutionConfigurationPlatforms) = preSolution
		Debug|Win32 = Debug|Win32
		Release|Win32 = Release|Win32
	EndGlobalSection
	GlobalSection(ProjectConfigurationPlatforms) = postSolution
		{005F3672-DBB3-415E-8527-B22C5D479FAD}.Debug|Win32.ActiveCfg = Debug|Win32
		{005F3672-DBB3-415E-8527-B22C5D479FAD}.Debug|Win32.Build.0 = Debug|Win32
		{005F3672-DBB3-415E-8527-B22C5D479FAD}.Release|Win32.ActiveCfg = Release|Win32
		{005F3672-DBB3-415E-8527-B22C5D479FAD}.Release|Win32.Build.0 = Release|Win32
	EndGlobalSection
	GlobalSection(SolutionProperties) = preSolution
		HideSolutionNode = FALSE
	EndGlobalSection
EndGlobal
