
Microsoft Visual Studio Solution File, Format Version 12.00
# Visual Studio 2012
Project("{8BC9CEB8-8B4A-11D0-8D11-00A0C91BC942}") = "sjexercise_Dijkstra_c", "sjexercise_Dijkstra_c.vcxproj", "{5D097D0D-C585-4E33-89D9-77B14EB1651D}"
EndProject
Global
	GlobalSection(SolutionConfigurationPlatforms) = preSolution
		Debug|Win32 = Debug|Win32
		Release|Win32 = Release|Win32
	EndGlobalSection
	GlobalSection(ProjectConfigurationPlatforms) = postSolution
		{5D097D0D-C585-4E33-89D9-77B14EB1651D}.Debug|Win32.ActiveCfg = Debug|Win32
		{5D097D0D-C585-4E33-89D9-77B14EB1651D}.Debug|Win32.Build.0 = Debug|Win32
		{5D097D0D-C585-4E33-89D9-77B14EB1651D}.Release|Win32.ActiveCfg = Release|Win32
		{5D097D0D-C585-4E33-89D9-77B14EB1651D}.Release|Win32.Build.0 = Release|Win32
	EndGlobalSection
	GlobalSection(SolutionProperties) = preSolution
		HideSolutionNode = FALSE
	EndGlobalSection
EndGlobal
